
Microsoft Visual Studio Solution File, Format Version 12.00
# Visual Studio Version 16
VisualStudioVersion = 16.0.31729.503
MinimumVisualStudioVersion = 10.0.40219.1
Project("{FAE04EC0-301F-11D3-BF4B-00C04F79EFBC}") = "PdfTools", "PdfTools\PdfTools.csproj", "{06B250B1-A41D-43BE-9305-6697271FBA16}"
EndProject
Project("{FAE04EC0-301F-11D3-BF4B-00C04F79EFBC}") = "DiTryouts", "DiTryouts\DiTryouts.csproj", "{2504564F-34D0-4B4E-A6D8-423E02239605}"
EndProject
Project("{FAE04EC0-301F-11D3-BF4B-00C04F79EFBC}") = "AwesomeLib", "AwesomeLib\AwesomeLib.csproj", "{7617412F-3CDE-49C9-B2E2-7442FCA9D440}"
EndProject
Global
	GlobalSection(SolutionConfigurationPlatforms) = preSolution
		Debug|Any CPU = Debug|Any CPU
		Release|Any CPU = Release|Any CPU
	EndGlobalSection
	GlobalSection(ProjectConfigurationPlatforms) = postSolution
		{06B250B1-A41D-43BE-9305-6697271FBA16}.Debug|Any CPU.ActiveCfg = Debug|Any CPU
		{06B250B1-A41D-43BE-9305-6697271FBA16}.Debug|Any CPU.Build.0 = Debug|Any CPU
		{06B250B1-A41D-43BE-9305-6697271FBA16}.Release|Any CPU.ActiveCfg = Release|Any CPU
		{06B250B1-A41D-43BE-9305-6697271FBA16}.Release|Any CPU.Build.0 = Release|Any CPU
		{2504564F-34D0-4B4E-A6D8-423E02239605}.Debug|Any CPU.ActiveCfg = Debug|Any CPU
		{2504564F-34D0-4B4E-A6D8-423E02239605}.Debug|Any CPU.Build.0 = Debug|Any CPU
		{2504564F-34D0-4B4E-A6D8-423E02239605}.Release|Any CPU.ActiveCfg = Release|Any CPU
		{2504564F-34D0-4B4E-A6D8-423E02239605}.Release|Any CPU.Build.0 = Release|Any CPU
		{7617412F-3CDE-49C9-B2E2-7442FCA9D440}.Debug|Any CPU.ActiveCfg = Debug|Any CPU
		{7617412F-3CDE-49C9-B2E2-7442FCA9D440}.Debug|Any CPU.Build.0 = Debug|Any CPU
		{7617412F-3CDE-49C9-B2E2-7442FCA9D440}.Release|Any CPU.ActiveCfg = Release|Any CPU
		{7617412F-3CDE-49C9-B2E2-7442FCA9D440}.Release|Any CPU.Build.0 = Release|Any CPU
	EndGlobalSection
	GlobalSection(SolutionProperties) = preSolution
		HideSolutionNode = FALSE
	EndGlobalSection
	GlobalSection(ExtensibilityGlobals) = postSolution
		SolutionGuid = {575C9F09-4187-42E8-888B-DA64CEA629E2}
	EndGlobalSection
EndGlobal
